
Microsoft Visual Studio Solution File, Format Version 12.00
# Visual Studio Version 17
VisualStudioVersion = 17.3.32804.467
MinimumVisualStudioVersion = 10.0.40219.1
Project("{FAE04EC0-301F-11D3-BF4B-00C04F79EFBC}") = "Average Marks5", "Average Marks5.csproj", "{A0048C95-F844-4D99-B68B-86FD59AB5A49}"
EndProject
Global
	GlobalSection(SolutionConfigurationPlatforms) = preSolution
		Debug|Any CPU = Debug|Any CPU
		Release|Any CPU = Release|Any CPU
	EndGlobalSection
	GlobalSection(ProjectConfigurationPlatforms) = postSolution
		{A0048C95-F844-4D99-B68B-86FD59AB5A49}.Debug|Any CPU.ActiveCfg = Debug|Any CPU
		{A0048C95-F844-4D99-B68B-86FD59AB5A49}.Debug|Any CPU.Build.0 = Debug|Any CPU
		{A0048C95-F844-4D99-B68B-86FD59AB5A49}.Release|Any CPU.ActiveCfg = Release|Any CPU
		{A0048C95-F844-4D99-B68B-86FD59AB5A49}.Release|Any CPU.Build.0 = Release|Any CPU
	EndGlobalSection
	GlobalSection(SolutionProperties) = preSolution
		HideSolutionNode = FALSE
	EndGlobalSection
	GlobalSection(ExtensibilityGlobals) = postSolution
		SolutionGuid = {1C61B50C-E954-4165-BF1E-57E0B9AF2FF9}
	EndGlobalSection
EndGlobal
